
Microsoft Visual Studio Solution File, Format Version 12.00
# Visual Studio Version 17
VisualStudioVersion = 17.0.31903.59
MinimumVisualStudioVersion = 10.0.40219.1
Project("{2150E333-8FDC-42A3-9474-1A3956D46DE8}") = "src", "src", "{827E0CD3-B72D-47B6-A68D-7590B98EB39B}"
EndProject
Project("{2150E333-8FDC-42A3-9474-1A3956D46DE8}") = "API", "API", "{81034408-37C8-1011-444E-4C15C2FADA8E}"
EndProject
Project("{FAE04EC0-301F-11D3-BF4B-00C04F79EFBC}") = "Evently.API", "src\API\Evently.API\Evently.API.csproj", "{E88BFAB0-A4B2-4817-A21B-36C934090433}"
EndProject
Project("{2150E333-8FDC-42A3-9474-1A3956D46DE8}") = "Modules", "Modules", "{EC447DCF-ABFA-6E24-52A5-D7FD48A5C558}"
EndProject
Project("{2150E333-8FDC-42A3-9474-1A3956D46DE8}") = "Event", "Event", "{76FD6B37-EBBA-64FB-169E-7EE00A311CC3}"
EndProject
Project("{2150E333-8FDC-42A3-9474-1A3956D46DE8}") = "Solution Items", "Solution Items", "{16D46FBF-945E-40E9-AE6F-D23E5E699F0E}"
	ProjectSection(SolutionItems) = preProject
		compose.yaml = compose.yaml
	EndProjectSection
EndProject
Project("{FAE04EC0-301F-11D3-BF4B-00C04F79EFBC}") = "Evently.Module.Events.Domain", "src\Modules\Event\Evently.Module.Events.Domain\Evently.Module.Events.Domain.csproj", "{C7E874B0-D268-4AE1-BC57-02D87D7EE003}"
EndProject
Project("{FAE04EC0-301F-11D3-BF4B-00C04F79EFBC}") = "Evently.Module.Events.Application", "Evently.Module.Events.Application\Evently.Module.Events.Application.csproj", "{B75AE532-4CDD-4843-B3B6-5C1C338A040F}"
EndProject
Project("{FAE04EC0-301F-11D3-BF4B-00C04F79EFBC}") = "Evently.Module.Events.Infrastructure", "src\Modules\Event\Evently.Module.Events.Infrastructure\Evently.Module.Events.Infrastructure.csproj", "{12A22727-9012-4903-820B-551B5045DAA1}"
EndProject
Project("{FAE04EC0-301F-11D3-BF4B-00C04F79EFBC}") = "Evently.Module.Events.Presentation", "src\Modules\Event\Evently.Module.Events.Presentation\Evently.Module.Events.Presentation.csproj", "{6A346C76-B918-4FD5-B86B-2600B58ECCC2}"
EndProject
Global
	GlobalSection(SolutionConfigurationPlatforms) = preSolution
		Debug|Any CPU = Debug|Any CPU
		Debug|x64 = Debug|x64
		Debug|x86 = Debug|x86
		Release|Any CPU = Release|Any CPU
		Release|x64 = Release|x64
		Release|x86 = Release|x86
	EndGlobalSection
	GlobalSection(ProjectConfigurationPlatforms) = postSolution
		{E88BFAB0-A4B2-4817-A21B-36C934090433}.Debug|Any CPU.ActiveCfg = Debug|Any CPU
		{E88BFAB0-A4B2-4817-A21B-36C934090433}.Debug|Any CPU.Build.0 = Debug|Any CPU
		{E88BFAB0-A4B2-4817-A21B-36C934090433}.Debug|x64.ActiveCfg = Debug|Any CPU
		{E88BFAB0-A4B2-4817-A21B-36C934090433}.Debug|x64.Build.0 = Debug|Any CPU
		{E88BFAB0-A4B2-4817-A21B-36C934090433}.Debug|x86.ActiveCfg = Debug|Any CPU
		{E88BFAB0-A4B2-4817-A21B-36C934090433}.Debug|x86.Build.0 = Debug|Any CPU
		{E88BFAB0-A4B2-4817-A21B-36C934090433}.Release|Any CPU.ActiveCfg = Release|Any CPU
		{E88BFAB0-A4B2-4817-A21B-36C934090433}.Release|Any CPU.Build.0 = Release|Any CPU
		{E88BFAB0-A4B2-4817-A21B-36C934090433}.Release|x64.ActiveCfg = Release|Any CPU
		{E88BFAB0-A4B2-4817-A21B-36C934090433}.Release|x64.Build.0 = Release|Any CPU
		{E88BFAB0-A4B2-4817-A21B-36C934090433}.Release|x86.ActiveCfg = Release|Any CPU
		{E88BFAB0-A4B2-4817-A21B-36C934090433}.Release|x86.Build.0 = Release|Any CPU
		{C7E874B0-D268-4AE1-BC57-02D87D7EE003}.Debug|Any CPU.ActiveCfg = Debug|Any CPU
		{C7E874B0-D268-4AE1-BC57-02D87D7EE003}.Debug|Any CPU.Build.0 = Debug|Any CPU
		{C7E874B0-D268-4AE1-BC57-02D87D7EE003}.Debug|x64.ActiveCfg = Debug|Any CPU
		{C7E874B0-D268-4AE1-BC57-02D87D7EE003}.Debug|x64.Build.0 = Debug|Any CPU
		{C7E874B0-D268-4AE1-BC57-02D87D7EE003}.Debug|x86.ActiveCfg = Debug|Any CPU
		{C7E874B0-D268-4AE1-BC57-02D87D7EE003}.Debug|x86.Build.0 = Debug|Any CPU
		{C7E874B0-D268-4AE1-BC57-02D87D7EE003}.Release|Any CPU.ActiveCfg = Release|Any CPU
		{C7E874B0-D268-4AE1-BC57-02D87D7EE003}.Release|Any CPU.Build.0 = Release|Any CPU
		{C7E874B0-D268-4AE1-BC57-02D87D7EE003}.Release|x64.ActiveCfg = Release|Any CPU
		{C7E874B0-D268-4AE1-BC57-02D87D7EE003}.Release|x64.Build.0 = Release|Any CPU
		{C7E874B0-D268-4AE1-BC57-02D87D7EE003}.Release|x86.ActiveCfg = Release|Any CPU
		{C7E874B0-D268-4AE1-BC57-02D87D7EE003}.Release|x86.Build.0 = Release|Any CPU
		{B75AE532-4CDD-4843-B3B6-5C1C338A040F}.Debug|Any CPU.ActiveCfg = Debug|Any CPU
		{B75AE532-4CDD-4843-B3B6-5C1C338A040F}.Debug|Any CPU.Build.0 = Debug|Any CPU
		{B75AE532-4CDD-4843-B3B6-5C1C338A040F}.Debug|x64.ActiveCfg = Debug|Any CPU
		{B75AE532-4CDD-4843-B3B6-5C1C338A040F}.Debug|x64.Build.0 = Debug|Any CPU
		{B75AE532-4CDD-4843-B3B6-5C1C338A040F}.Debug|x86.ActiveCfg = Debug|Any CPU
		{B75AE532-4CDD-4843-B3B6-5C1C338A040F}.Debug|x86.Build.0 = Debug|Any CPU
		{B75AE532-4CDD-4843-B3B6-5C1C338A040F}.Release|Any CPU.ActiveCfg = Release|Any CPU
		{B75AE532-4CDD-4843-B3B6-5C1C338A040F}.Release|Any CPU.Build.0 = Release|Any CPU
		{B75AE532-4CDD-4843-B3B6-5C1C338A040F}.Release|x64.ActiveCfg = Release|Any CPU
		{B75AE532-4CDD-4843-B3B6-5C1C338A040F}.Release|x64.Build.0 = Release|Any CPU
		{B75AE532-4CDD-4843-B3B6-5C1C338A040F}.Release|x86.ActiveCfg = Release|Any CPU
		{B75AE532-4CDD-4843-B3B6-5C1C338A040F}.Release|x86.Build.0 = Release|Any CPU
		{12A22727-9012-4903-820B-551B5045DAA1}.Debug|Any CPU.ActiveCfg = Debug|Any CPU
		{12A22727-9012-4903-820B-551B5045DAA1}.Debug|Any CPU.Build.0 = Debug|Any CPU
		{12A22727-9012-4903-820B-551B5045DAA1}.Debug|x64.ActiveCfg = Debug|Any CPU
		{12A22727-9012-4903-820B-551B5045DAA1}.Debug|x64.Build.0 = Debug|Any CPU
		{12A22727-9012-4903-820B-551B5045DAA1}.Debug|x86.ActiveCfg = Debug|Any CPU
		{12A22727-9012-4903-820B-551B5045DAA1}.Debug|x86.Build.0 = Debug|Any CPU
		{12A22727-9012-4903-820B-551B5045DAA1}.Release|Any CPU.ActiveCfg = Release|Any CPU
		{12A22727-9012-4903-820B-551B5045DAA1}.Release|Any CPU.Build.0 = Release|Any CPU
		{12A22727-9012-4903-820B-551B5045DAA1}.Release|x64.ActiveCfg = Release|Any CPU
		{12A22727-9012-4903-820B-551B5045DAA1}.Release|x64.Build.0 = Release|Any CPU
		{12A22727-9012-4903-820B-551B5045DAA1}.Release|x86.ActiveCfg = Release|Any CPU
		{12A22727-9012-4903-820B-551B5045DAA1}.Release|x86.Build.0 = Release|Any CPU
		{6A346C76-B918-4FD5-B86B-2600B58ECCC2}.Debug|Any CPU.ActiveCfg = Debug|Any CPU
		{6A346C76-B918-4FD5-B86B-2600B58ECCC2}.Debug|Any CPU.Build.0 = Debug|Any CPU
		{6A346C76-B918-4FD5-B86B-2600B58ECCC2}.Debug|x64.ActiveCfg = Debug|Any CPU
		{6A346C76-B918-4FD5-B86B-2600B58ECCC2}.Debug|x64.Build.0 = Debug|Any CPU
		{6A346C76-B918-4FD5-B86B-2600B58ECCC2}.Debug|x86.ActiveCfg = Debug|Any CPU
		{6A346C76-B918-4FD5-B86B-2600B58ECCC2}.Debug|x86.Build.0 = Debug|Any CPU
		{6A346C76-B918-4FD5-B86B-2600B58ECCC2}.Release|Any CPU.ActiveCfg = Release|Any CPU
		{6A346C76-B918-4FD5-B86B-2600B58ECCC2}.Release|Any CPU.Build.0 = Release|Any CPU
		{6A346C76-B918-4FD5-B86B-2600B58ECCC2}.Release|x64.ActiveCfg = Release|Any CPU
		{6A346C76-B918-4FD5-B86B-2600B58ECCC2}.Release|x64.Build.0 = Release|Any CPU
		{6A346C76-B918-4FD5-B86B-2600B58ECCC2}.Release|x86.ActiveCfg = Release|Any CPU
		{6A346C76-B918-4FD5-B86B-2600B58ECCC2}.Release|x86.Build.0 = Release|Any CPU
	EndGlobalSection
	GlobalSection(SolutionProperties) = preSolution
		HideSolutionNode = FALSE
	EndGlobalSection
	GlobalSection(NestedProjects) = preSolution
		{81034408-37C8-1011-444E-4C15C2FADA8E} = {827E0CD3-B72D-47B6-A68D-7590B98EB39B}
		{E88BFAB0-A4B2-4817-A21B-36C934090433} = {81034408-37C8-1011-444E-4C15C2FADA8E}
		{EC447DCF-ABFA-6E24-52A5-D7FD48A5C558} = {827E0CD3-B72D-47B6-A68D-7590B98EB39B}
		{76FD6B37-EBBA-64FB-169E-7EE00A311CC3} = {EC447DCF-ABFA-6E24-52A5-D7FD48A5C558}
		{C7E874B0-D268-4AE1-BC57-02D87D7EE003} = {76FD6B37-EBBA-64FB-169E-7EE00A311CC3}
		{B75AE532-4CDD-4843-B3B6-5C1C338A040F} = {76FD6B37-EBBA-64FB-169E-7EE00A311CC3}
		{12A22727-9012-4903-820B-551B5045DAA1} = {76FD6B37-EBBA-64FB-169E-7EE00A311CC3}
		{6A346C76-B918-4FD5-B86B-2600B58ECCC2} = {76FD6B37-EBBA-64FB-169E-7EE00A311CC3}
	EndGlobalSection
EndGlobal
