
Microsoft Visual Studio Solution File, Format Version 12.00
# Visual Studio Version 17
VisualStudioVersion = 17.0.31903.59
MinimumVisualStudioVersion = 10.0.40219.1
Project("{2150E333-8FDC-42A3-9474-1A3956D46DE8}") = "src", "src", "{827E0CD3-B72D-47B6-A68D-7590B98EB39B}"
EndProject
Project("{2150E333-8FDC-42A3-9474-1A3956D46DE8}") = "API", "API", "{81034408-37C8-1011-444E-4C15C2FADA8E}"
EndProject
Project("{FAE04EC0-301F-11D3-BF4B-00C04F79EFBC}") = "Evently.API", "src\API\Evently.API\Evently.API.csproj", "{E88BFAB0-A4B2-4817-A21B-36C934090433}"
EndProject
Project("{2150E333-8FDC-42A3-9474-1A3956D46DE8}") = "Modules", "Modules", "{EC447DCF-ABFA-6E24-52A5-D7FD48A5C558}"
EndProject
Project("{2150E333-8FDC-42A3-9474-1A3956D46DE8}") = "Event", "Event", "{76FD6B37-EBBA-64FB-169E-7EE00A311CC3}"
EndProject
Project("{FAE04EC0-301F-11D3-BF4B-00C04F79EFBC}") = "Evently.Module.Events.API", "src\Modules\Event\Evently.Module.Events\Evently.Module.Events.API.csproj", "{033CEAEB-0A0F-41B0-89F5-3BC3562DDD7B}"
EndProject
Project("{2150E333-8FDC-42A3-9474-1A3956D46DE8}") = "test", "test", "{B10D529F-6224-4945-B9D5-77C5B042C7F6}"
EndProject
Project("{FAE04EC0-301F-11D3-BF4B-00C04F79EFBC}") = "ClassLibrary1", "ClassLibrary1\ClassLibrary1.csproj", "{1F04A13F-D9D3-4BB5-9D96-628593B8F4C0}"
EndProject
Global
	GlobalSection(SolutionConfigurationPlatforms) = preSolution
		Debug|Any CPU = Debug|Any CPU
		Debug|x64 = Debug|x64
		Debug|x86 = Debug|x86
		Release|Any CPU = Release|Any CPU
		Release|x64 = Release|x64
		Release|x86 = Release|x86
	EndGlobalSection
	GlobalSection(ProjectConfigurationPlatforms) = postSolution
		{E88BFAB0-A4B2-4817-A21B-36C934090433}.Debug|Any CPU.ActiveCfg = Debug|Any CPU
		{E88BFAB0-A4B2-4817-A21B-36C934090433}.Debug|Any CPU.Build.0 = Debug|Any CPU
		{E88BFAB0-A4B2-4817-A21B-36C934090433}.Debug|x64.ActiveCfg = Debug|Any CPU
		{E88BFAB0-A4B2-4817-A21B-36C934090433}.Debug|x64.Build.0 = Debug|Any CPU
		{E88BFAB0-A4B2-4817-A21B-36C934090433}.Debug|x86.ActiveCfg = Debug|Any CPU
		{E88BFAB0-A4B2-4817-A21B-36C934090433}.Debug|x86.Build.0 = Debug|Any CPU
		{E88BFAB0-A4B2-4817-A21B-36C934090433}.Release|Any CPU.ActiveCfg = Release|Any CPU
		{E88BFAB0-A4B2-4817-A21B-36C934090433}.Release|Any CPU.Build.0 = Release|Any CPU
		{E88BFAB0-A4B2-4817-A21B-36C934090433}.Release|x64.ActiveCfg = Release|Any CPU
		{E88BFAB0-A4B2-4817-A21B-36C934090433}.Release|x64.Build.0 = Release|Any CPU
		{E88BFAB0-A4B2-4817-A21B-36C934090433}.Release|x86.ActiveCfg = Release|Any CPU
		{E88BFAB0-A4B2-4817-A21B-36C934090433}.Release|x86.Build.0 = Release|Any CPU
		{033CEAEB-0A0F-41B0-89F5-3BC3562DDD7B}.Debug|Any CPU.ActiveCfg = Debug|Any CPU
		{033CEAEB-0A0F-41B0-89F5-3BC3562DDD7B}.Debug|Any CPU.Build.0 = Debug|Any CPU
		{033CEAEB-0A0F-41B0-89F5-3BC3562DDD7B}.Debug|x64.ActiveCfg = Debug|Any CPU
		{033CEAEB-0A0F-41B0-89F5-3BC3562DDD7B}.Debug|x64.Build.0 = Debug|Any CPU
		{033CEAEB-0A0F-41B0-89F5-3BC3562DDD7B}.Debug|x86.ActiveCfg = Debug|Any CPU
		{033CEAEB-0A0F-41B0-89F5-3BC3562DDD7B}.Debug|x86.Build.0 = Debug|Any CPU
		{033CEAEB-0A0F-41B0-89F5-3BC3562DDD7B}.Release|Any CPU.ActiveCfg = Release|Any CPU
		{033CEAEB-0A0F-41B0-89F5-3BC3562DDD7B}.Release|Any CPU.Build.0 = Release|Any CPU
		{033CEAEB-0A0F-41B0-89F5-3BC3562DDD7B}.Release|x64.ActiveCfg = Release|Any CPU
		{033CEAEB-0A0F-41B0-89F5-3BC3562DDD7B}.Release|x64.Build.0 = Release|Any CPU
		{033CEAEB-0A0F-41B0-89F5-3BC3562DDD7B}.Release|x86.ActiveCfg = Release|Any CPU
		{033CEAEB-0A0F-41B0-89F5-3BC3562DDD7B}.Release|x86.Build.0 = Release|Any CPU
		{1F04A13F-D9D3-4BB5-9D96-628593B8F4C0}.Debug|Any CPU.ActiveCfg = Debug|Any CPU
		{1F04A13F-D9D3-4BB5-9D96-628593B8F4C0}.Debug|Any CPU.Build.0 = Debug|Any CPU
		{1F04A13F-D9D3-4BB5-9D96-628593B8F4C0}.Debug|x64.ActiveCfg = Debug|Any CPU
		{1F04A13F-D9D3-4BB5-9D96-628593B8F4C0}.Debug|x64.Build.0 = Debug|Any CPU
		{1F04A13F-D9D3-4BB5-9D96-628593B8F4C0}.Debug|x86.ActiveCfg = Debug|Any CPU
		{1F04A13F-D9D3-4BB5-9D96-628593B8F4C0}.Debug|x86.Build.0 = Debug|Any CPU
		{1F04A13F-D9D3-4BB5-9D96-628593B8F4C0}.Release|Any CPU.ActiveCfg = Release|Any CPU
		{1F04A13F-D9D3-4BB5-9D96-628593B8F4C0}.Release|Any CPU.Build.0 = Release|Any CPU
		{1F04A13F-D9D3-4BB5-9D96-628593B8F4C0}.Release|x64.ActiveCfg = Release|Any CPU
		{1F04A13F-D9D3-4BB5-9D96-628593B8F4C0}.Release|x64.Build.0 = Release|Any CPU
		{1F04A13F-D9D3-4BB5-9D96-628593B8F4C0}.Release|x86.ActiveCfg = Release|Any CPU
		{1F04A13F-D9D3-4BB5-9D96-628593B8F4C0}.Release|x86.Build.0 = Release|Any CPU
	EndGlobalSection
	GlobalSection(SolutionProperties) = preSolution
		HideSolutionNode = FALSE
	EndGlobalSection
	GlobalSection(NestedProjects) = preSolution
		{81034408-37C8-1011-444E-4C15C2FADA8E} = {827E0CD3-B72D-47B6-A68D-7590B98EB39B}
		{E88BFAB0-A4B2-4817-A21B-36C934090433} = {81034408-37C8-1011-444E-4C15C2FADA8E}
		{EC447DCF-ABFA-6E24-52A5-D7FD48A5C558} = {827E0CD3-B72D-47B6-A68D-7590B98EB39B}
		{76FD6B37-EBBA-64FB-169E-7EE00A311CC3} = {EC447DCF-ABFA-6E24-52A5-D7FD48A5C558}
		{033CEAEB-0A0F-41B0-89F5-3BC3562DDD7B} = {76FD6B37-EBBA-64FB-169E-7EE00A311CC3}
		{B10D529F-6224-4945-B9D5-77C5B042C7F6} = {827E0CD3-B72D-47B6-A68D-7590B98EB39B}
		{1F04A13F-D9D3-4BB5-9D96-628593B8F4C0} = {B10D529F-6224-4945-B9D5-77C5B042C7F6}
	EndGlobalSection
EndGlobal
